
Microsoft Visual Studio Solution File, Format Version 12.00
# Visual Studio Version 16
VisualStudioVersion = 16.0.30907.101
MinimumVisualStudioVersion = 10.0.40219.1
Project("{FAE04EC0-301F-11D3-BF4B-00C04F79EFBC}") = "Main", "Camp\Main.csproj", "{3C9B235C-66E5-47E2-A65D-15D183D5F71D}"
EndProject
Project("{FAE04EC0-301F-11D3-BF4B-00C04F79EFBC}") = "Classes", "Classes\Classes.csproj", "{5CD3E391-D5CB-4EE4-82ED-834424B82330}"
EndProject
Project("{9A19103F-16F7-4668-BE54-9A1E7A4F7556}") = "Methods", "Methods\Methods.csproj", "{451F0DB4-D6CB-41FE-B656-CC7384677EB9}"
EndProject
Project("{9A19103F-16F7-4668-BE54-9A1E7A4F7556}") = "ValueAndRefTypes", "ValueAndRefTypes\ValueAndRefTypes.csproj", "{9F6A5FB5-88BB-4587-B9DA-88BCCCC74C87}"
EndProject
Project("{9A19103F-16F7-4668-BE54-9A1E7A4F7556}") = "ClassMetotDemo", "ClassMetotDemo\ClassMetotDemo.csproj", "{9BB8015C-E631-404E-8463-A1FBE06E175B}"
EndProject
Project("{9A19103F-16F7-4668-BE54-9A1E7A4F7556}") = "OOP1", "OOP1\OOP1.csproj", "{5FABF505-C772-4C7C-AAD8-BD1198661099}"
EndProject
Project("{9A19103F-16F7-4668-BE54-9A1E7A4F7556}") = "Collections", "Collections\Collections.csproj", "{F44662A0-D4DF-4DCF-BC42-6C9328184BE6}"
EndProject
Project("{9A19103F-16F7-4668-BE54-9A1E7A4F7556}") = "GenericsIntro", "GenericsIntro\GenericsIntro.csproj", "{30DD4AD5-C5EE-4BE7-8749-5268803257D9}"
EndProject
Project("{FAE04EC0-301F-11D3-BF4B-00C04F79EFBC}") = "OOP2", "OOP2\OOP2.csproj", "{5411FF0E-A632-487D-9F4B-A78F6AA9E36D}"
EndProject
Project("{FAE04EC0-301F-11D3-BF4B-00C04F79EFBC}") = "OOP3", "OOP3\OOP3.csproj", "{BE6FE1D9-9D4D-4F3B-9A28-280CEFF06F23}"
EndProject
Project("{FAE04EC0-301F-11D3-BF4B-00C04F79EFBC}") = "InterfaceAbstractDemo", "InterfaceAbstractDemo\InterfaceAbstractDemo.csproj", "{3ED41A7D-B9B4-479E-8CC0-06CA830CEBAB}"
EndProject
Project("{FAE04EC0-301F-11D3-BF4B-00C04F79EFBC}") = "Game", "Game\Game.csproj", "{62AD78A4-DBC5-437B-B655-5B7FB360EC55}"
EndProject
Global
	GlobalSection(SolutionConfigurationPlatforms) = preSolution
		Debug|Any CPU = Debug|Any CPU
		Release|Any CPU = Release|Any CPU
	EndGlobalSection
	GlobalSection(ProjectConfigurationPlatforms) = postSolution
		{3C9B235C-66E5-47E2-A65D-15D183D5F71D}.Debug|Any CPU.ActiveCfg = Debug|Any CPU
		{3C9B235C-66E5-47E2-A65D-15D183D5F71D}.Debug|Any CPU.Build.0 = Debug|Any CPU
		{3C9B235C-66E5-47E2-A65D-15D183D5F71D}.Release|Any CPU.ActiveCfg = Release|Any CPU
		{3C9B235C-66E5-47E2-A65D-15D183D5F71D}.Release|Any CPU.Build.0 = Release|Any CPU
		{5CD3E391-D5CB-4EE4-82ED-834424B82330}.Debug|Any CPU.ActiveCfg = Debug|Any CPU
		{5CD3E391-D5CB-4EE4-82ED-834424B82330}.Debug|Any CPU.Build.0 = Debug|Any CPU
		{5CD3E391-D5CB-4EE4-82ED-834424B82330}.Release|Any CPU.ActiveCfg = Release|Any CPU
		{5CD3E391-D5CB-4EE4-82ED-834424B82330}.Release|Any CPU.Build.0 = Release|Any CPU
		{451F0DB4-D6CB-41FE-B656-CC7384677EB9}.Debug|Any CPU.ActiveCfg = Debug|Any CPU
		{451F0DB4-D6CB-41FE-B656-CC7384677EB9}.Debug|Any CPU.Build.0 = Debug|Any CPU
		{451F0DB4-D6CB-41FE-B656-CC7384677EB9}.Release|Any CPU.ActiveCfg = Release|Any CPU
		{451F0DB4-D6CB-41FE-B656-CC7384677EB9}.Release|Any CPU.Build.0 = Release|Any CPU
		{9F6A5FB5-88BB-4587-B9DA-88BCCCC74C87}.Debug|Any CPU.ActiveCfg = Debug|Any CPU
		{9F6A5FB5-88BB-4587-B9DA-88BCCCC74C87}.Debug|Any CPU.Build.0 = Debug|Any CPU
		{9F6A5FB5-88BB-4587-B9DA-88BCCCC74C87}.Release|Any CPU.ActiveCfg = Release|Any CPU
		{9F6A5FB5-88BB-4587-B9DA-88BCCCC74C87}.Release|Any CPU.Build.0 = Release|Any CPU
		{9BB8015C-E631-404E-8463-A1FBE06E175B}.Debug|Any CPU.ActiveCfg = Debug|Any CPU
		{9BB8015C-E631-404E-8463-A1FBE06E175B}.Debug|Any CPU.Build.0 = Debug|Any CPU
		{9BB8015C-E631-404E-8463-A1FBE06E175B}.Release|Any CPU.ActiveCfg = Release|Any CPU
		{9BB8015C-E631-404E-8463-A1FBE06E175B}.Release|Any CPU.Build.0 = Release|Any CPU
		{5FABF505-C772-4C7C-AAD8-BD1198661099}.Debug|Any CPU.ActiveCfg = Debug|Any CPU
		{5FABF505-C772-4C7C-AAD8-BD1198661099}.Debug|Any CPU.Build.0 = Debug|Any CPU
		{5FABF505-C772-4C7C-AAD8-BD1198661099}.Release|Any CPU.ActiveCfg = Release|Any CPU
		{5FABF505-C772-4C7C-AAD8-BD1198661099}.Release|Any CPU.Build.0 = Release|Any CPU
		{F44662A0-D4DF-4DCF-BC42-6C9328184BE6}.Debug|Any CPU.ActiveCfg = Debug|Any CPU
		{F44662A0-D4DF-4DCF-BC42-6C9328184BE6}.Debug|Any CPU.Build.0 = Debug|Any CPU
		{F44662A0-D4DF-4DCF-BC42-6C9328184BE6}.Release|Any CPU.ActiveCfg = Release|Any CPU
		{F44662A0-D4DF-4DCF-BC42-6C9328184BE6}.Release|Any CPU.Build.0 = Release|Any CPU
		{30DD4AD5-C5EE-4BE7-8749-5268803257D9}.Debug|Any CPU.ActiveCfg = Debug|Any CPU
		{30DD4AD5-C5EE-4BE7-8749-5268803257D9}.Debug|Any CPU.Build.0 = Debug|Any CPU
		{30DD4AD5-C5EE-4BE7-8749-5268803257D9}.Release|Any CPU.ActiveCfg = Release|Any CPU
		{30DD4AD5-C5EE-4BE7-8749-5268803257D9}.Release|Any CPU.Build.0 = Release|Any CPU
		{5411FF0E-A632-487D-9F4B-A78F6AA9E36D}.Debug|Any CPU.ActiveCfg = Debug|Any CPU
		{5411FF0E-A632-487D-9F4B-A78F6AA9E36D}.Debug|Any CPU.Build.0 = Debug|Any CPU
		{5411FF0E-A632-487D-9F4B-A78F6AA9E36D}.Release|Any CPU.ActiveCfg = Release|Any CPU
		{5411FF0E-A632-487D-9F4B-A78F6AA9E36D}.Release|Any CPU.Build.0 = Release|Any CPU
		{BE6FE1D9-9D4D-4F3B-9A28-280CEFF06F23}.Debug|Any CPU.ActiveCfg = Debug|Any CPU
		{BE6FE1D9-9D4D-4F3B-9A28-280CEFF06F23}.Debug|Any CPU.Build.0 = Debug|Any CPU
		{BE6FE1D9-9D4D-4F3B-9A28-280CEFF06F23}.Release|Any CPU.ActiveCfg = Release|Any CPU
		{BE6FE1D9-9D4D-4F3B-9A28-280CEFF06F23}.Release|Any CPU.Build.0 = Release|Any CPU
		{3ED41A7D-B9B4-479E-8CC0-06CA830CEBAB}.Debug|Any CPU.ActiveCfg = Debug|Any CPU
		{3ED41A7D-B9B4-479E-8CC0-06CA830CEBAB}.Debug|Any CPU.Build.0 = Debug|Any CPU
		{3ED41A7D-B9B4-479E-8CC0-06CA830CEBAB}.Release|Any CPU.ActiveCfg = Release|Any CPU
		{3ED41A7D-B9B4-479E-8CC0-06CA830CEBAB}.Release|Any CPU.Build.0 = Release|Any CPU
		{62AD78A4-DBC5-437B-B655-5B7FB360EC55}.Debug|Any CPU.ActiveCfg = Debug|Any CPU
		{62AD78A4-DBC5-437B-B655-5B7FB360EC55}.Debug|Any CPU.Build.0 = Debug|Any CPU
		{62AD78A4-DBC5-437B-B655-5B7FB360EC55}.Release|Any CPU.ActiveCfg = Release|Any CPU
		{62AD78A4-DBC5-437B-B655-5B7FB360EC55}.Release|Any CPU.Build.0 = Release|Any CPU
	EndGlobalSection
	GlobalSection(SolutionProperties) = preSolution
		HideSolutionNode = FALSE
	EndGlobalSection
	GlobalSection(ExtensibilityGlobals) = postSolution
		SolutionGuid = {85539EE7-D60D-4105-B3F5-53774ED85EE4}
	EndGlobalSection
EndGlobal
